
Microsoft Visual Studio Solution File, Format Version 12.00
# Visual Studio Version 17
VisualStudioVersion = 17.0.31903.59
MinimumVisualStudioVersion = 10.0.40219.1
Project("{9A19103F-16F7-4668-BE54-9A1E7A4F7556}") = "SampleApi", "SampleApi\SampleApi.csproj", "{14D18CEF-CCBE-457E-98FB-4D20168B628E}"
EndProject
Project("{9A19103F-16F7-4668-BE54-9A1E7A4F7556}") = "demo001", "demo001\demo001.csproj", "{A7A0CAD9-6DBC-429B-8742-7912DB9E92BB}"
EndProject
Project("{9A19103F-16F7-4668-BE54-9A1E7A4F7556}") = "GenericAspApi", "GenericAspApi\GenericAspApi.csproj", "{57470B7F-E70D-4B61-84E9-6B924DC7C233}"
EndProject
Project("{9A19103F-16F7-4668-BE54-9A1E7A4F7556}") = "CardService", "CardService\CardService.csproj", "{EE59287C-EC4E-4A6A-A0C1-3A1237A849D5}"
EndProject
Project("{9A19103F-16F7-4668-BE54-9A1E7A4F7556}") = "TransactionService", "TransactionService\TransactionService.csproj", "{26474937-0E5D-4279-B859-379644CB86DA}"
EndProject
Project("{9A19103F-16F7-4668-BE54-9A1E7A4F7556}") = "SampleAspireApp.AppHost", "SampleAspireApp\SampleAspireApp.AppHost\SampleAspireApp.AppHost.csproj", "{ED8457FE-166B-44E5-8907-94E31F7C233F}"
EndProject
Project("{2150E333-8FDC-42A3-9474-1A3956D46DE8}") = "Single", "Single", "{9AB1A03D-CF93-4583-B88B-A6C5C684984B}"
EndProject
Global
	GlobalSection(SolutionConfigurationPlatforms) = preSolution
		Debug|Any CPU = Debug|Any CPU
		Release|Any CPU = Release|Any CPU
	EndGlobalSection
	GlobalSection(ProjectConfigurationPlatforms) = postSolution
		{14D18CEF-CCBE-457E-98FB-4D20168B628E}.Debug|Any CPU.ActiveCfg = Debug|Any CPU
		{14D18CEF-CCBE-457E-98FB-4D20168B628E}.Debug|Any CPU.Build.0 = Debug|Any CPU
		{14D18CEF-CCBE-457E-98FB-4D20168B628E}.Release|Any CPU.ActiveCfg = Release|Any CPU
		{14D18CEF-CCBE-457E-98FB-4D20168B628E}.Release|Any CPU.Build.0 = Release|Any CPU
		{A7A0CAD9-6DBC-429B-8742-7912DB9E92BB}.Debug|Any CPU.ActiveCfg = Debug|Any CPU
		{A7A0CAD9-6DBC-429B-8742-7912DB9E92BB}.Debug|Any CPU.Build.0 = Debug|Any CPU
		{A7A0CAD9-6DBC-429B-8742-7912DB9E92BB}.Release|Any CPU.ActiveCfg = Release|Any CPU
		{A7A0CAD9-6DBC-429B-8742-7912DB9E92BB}.Release|Any CPU.Build.0 = Release|Any CPU
		{57470B7F-E70D-4B61-84E9-6B924DC7C233}.Debug|Any CPU.ActiveCfg = Debug|Any CPU
		{57470B7F-E70D-4B61-84E9-6B924DC7C233}.Debug|Any CPU.Build.0 = Debug|Any CPU
		{57470B7F-E70D-4B61-84E9-6B924DC7C233}.Release|Any CPU.ActiveCfg = Release|Any CPU
		{57470B7F-E70D-4B61-84E9-6B924DC7C233}.Release|Any CPU.Build.0 = Release|Any CPU
		{EE59287C-EC4E-4A6A-A0C1-3A1237A849D5}.Debug|Any CPU.ActiveCfg = Debug|Any CPU
		{EE59287C-EC4E-4A6A-A0C1-3A1237A849D5}.Debug|Any CPU.Build.0 = Debug|Any CPU
		{EE59287C-EC4E-4A6A-A0C1-3A1237A849D5}.Release|Any CPU.ActiveCfg = Release|Any CPU
		{EE59287C-EC4E-4A6A-A0C1-3A1237A849D5}.Release|Any CPU.Build.0 = Release|Any CPU
		{26474937-0E5D-4279-B859-379644CB86DA}.Debug|Any CPU.ActiveCfg = Debug|Any CPU
		{26474937-0E5D-4279-B859-379644CB86DA}.Debug|Any CPU.Build.0 = Debug|Any CPU
		{26474937-0E5D-4279-B859-379644CB86DA}.Release|Any CPU.ActiveCfg = Release|Any CPU
		{26474937-0E5D-4279-B859-379644CB86DA}.Release|Any CPU.Build.0 = Release|Any CPU
		{ED8457FE-166B-44E5-8907-94E31F7C233F}.Debug|Any CPU.ActiveCfg = Debug|Any CPU
		{ED8457FE-166B-44E5-8907-94E31F7C233F}.Debug|Any CPU.Build.0 = Debug|Any CPU
		{ED8457FE-166B-44E5-8907-94E31F7C233F}.Release|Any CPU.ActiveCfg = Release|Any CPU
		{ED8457FE-166B-44E5-8907-94E31F7C233F}.Release|Any CPU.Build.0 = Release|Any CPU
	EndGlobalSection
	GlobalSection(SolutionProperties) = preSolution
		HideSolutionNode = FALSE
	EndGlobalSection
	GlobalSection(NestedProjects) = preSolution
		{14D18CEF-CCBE-457E-98FB-4D20168B628E} = {9AB1A03D-CF93-4583-B88B-A6C5C684984B}
		{A7A0CAD9-6DBC-429B-8742-7912DB9E92BB} = {9AB1A03D-CF93-4583-B88B-A6C5C684984B}
	EndGlobalSection
	GlobalSection(ExtensibilityGlobals) = postSolution
		SolutionGuid = {137F6729-5F26-4F83-91F5-575DC9A2673F}
	EndGlobalSection
EndGlobal
